PODS:
  - Bolts-Swift (1.5.0)
  - SnapKit (5.0.1)

DEPENDENCIES:
  - Bolts-Swift
  - SnapKit (~> 5.0.0)

SPEC REPOS:
  https://github.com/CocoaPods/Specs.git:
    - Bolts-Swift
    - SnapKit

SPEC CHECKSUMS:
  Bolts-Swift: afbbaf8c8186e7f769be4afa656949c14087ba44
  SnapKit: 97b92857e3df3a0c71833cce143274bf6ef8e5eb

PODFILE CHECKSUM: 5dafe8df7f67a63e9fdabf6ae216b627c57beb36

COCOAPODS: 1.9.3
