// !$*UTF8*$!
{
	archiveVersion = 1;
	classes = {
	};
	objectVersion = 51;
	objects = {

/* Begin PBXBuildFile section */
		2C2AA57C243823FE0056B84F /* UIView+Category.swift in Sources */ = {isa = PBXBuildFile; fileRef = 2C2AA57B243823FE0056B84F /* UIView+Category.swift */; };
		2C2AA58224386E630056B84F /* KNOTPlanViewController.swift in Sources */ = {isa = PBXBuildFile; fileRef = 2C2AA58124386E630056B84F /* KNOTPlanViewController.swift */; };
		2C4439D325C6AAA10054A5EE /* Pods_Knot.framework in Frameworks */ = {isa = PBXBuildFile; fileRef = 2102F71CEF1CE3F665BD4E5C /* Pods_Knot.framework */; };
		2C55A89B25BC5EA0000EF1C0 /* KnotTests.swift in Sources */ = {isa = PBXBuildFile; fileRef = 2C55A89A25BC5EA0000EF1C0 /* KnotTests.swift */; };
		2C6EBD3625A166BE008A274C /* UITableView+Swipe.swift in Sources */ = {isa = PBXBuildFile; fileRef = 2C6EBD3525A166BE008A274C /* UITableView+Swipe.swift */; };
		2C7574E025DB724400CBA3AA /* CloudKit.framework in Frameworks */ = {isa = PBXBuildFile; fileRef = 2C7574DF25DB724400CBA3AA /* CloudKit.framework */; };
		2C7F261B244A8D1600F13299 /* SubjectSubscription.swift in Sources */ = {isa = PBXBuildFile; fileRef = 2C7F261A244A8D1600F13299 /* SubjectSubscription.swift */; };
		2C7F261D244C4BA500F13299 /* KNOTViewModel.swift in Sources */ = {isa = PBXBuildFile; fileRef = 2C7F261C244C4BA500F13299 /* KNOTViewModel.swift */; };
		2C7F261F244C4FC500F13299 /* KNOTPlanModel.swift in Sources */ = {isa = PBXBuildFile; fileRef = 2C7F261E244C4FC500F13299 /* KNOTPlanModel.swift */; };
		2C7F2621244C507B00F13299 /* KNOTPlanViewModel.swift in Sources */ = {isa = PBXBuildFile; fileRef = 2C7F2620244C507B00F13299 /* KNOTPlanViewModel.swift */; };
		2C8BE051247A0D780059423F /* KNOTPlanDetailViewController.swift in Sources */ = {isa = PBXBuildFile; fileRef = 2C8BE050247A0D780059423F /* KNOTPlanDetailViewController.swift */; };
		2C8BE053247BA88D0059423F /* KNOTPlanDetailViewModel.swift in Sources */ = {isa = PBXBuildFile; fileRef = 2C8BE052247BA88D0059423F /* KNOTPlanDetailViewModel.swift */; };
		2CB163212438AE9E006BAAEA /* KNOTHomeItemTableViewController.swift in Sources */ = {isa = PBXBuildFile; fileRef = 2CB163202438AE9E006BAAEA /* KNOTHomeItemTableViewController.swift */; };
		2CE792032430C33900975D99 /* UIImage+Color.swift in Sources */ = {isa = PBXBuildFile; fileRef = 2CE792022430C33900975D99 /* UIImage+Color.swift */; };
		2CE792062430C94900975D99 /* KNOTHomeViewController.swift in Sources */ = {isa = PBXBuildFile; fileRef = 2CE792052430C94900975D99 /* KNOTHomeViewController.swift */; };
		2CE792082430CFE000975D99 /* UIColor+Dynamic.swift in Sources */ = {isa = PBXBuildFile; fileRef = 2CE792072430CFE000975D99 /* UIColor+Dynamic.swift */; };
		2CE7920A2430D49F00975D99 /* UIColor+Hex.swift in Sources */ = {isa = PBXBuildFile; fileRef = 2CE792092430D49F00975D99 /* UIColor+Hex.swift */; };
		2CEBFD2D24270526008807E1 /* AppDelegate.swift in Sources */ = {isa = PBXBuildFile; fileRef = 2CEBFD2C24270526008807E1 /* AppDelegate.swift */; };
		2CEBFD5824271B89008807E1 /* InfoPlist.strings in Resources */ = {isa = PBXBuildFile; fileRef = 2CEBFD4E24271B89008807E1 /* InfoPlist.strings */; };
		2CEBFD5924271B89008807E1 /* Assets.xcassets in Resources */ = {isa = PBXBuildFile; fileRef = 2CEBFD5124271B89008807E1 /* Assets.xcassets */; };
		2CEBFD5A24271B89008807E1 /* LaunchScreen.storyboard in Resources */ = {isa = PBXBuildFile; fileRef = 2CEBFD5224271B89008807E1 /* LaunchScreen.storyboard */; };
		2CEBFD5B24271B89008807E1 /* Main.storyboard in Resources */ = {isa = PBXBuildFile; fileRef = 2CEBFD5424271B89008807E1 /* Main.storyboard */; };
		2CEBFD6424271D2B008807E1 /* Localizable.strings in Resources */ = {isa = PBXBuildFile; fileRef = 2CEBFD6224271D2B008807E1 /* Localizable.strings */; };
		2CEBFD6A242742F8008807E1 /* KNOTEntity.swift in Sources */ = {isa = PBXBuildFile; fileRef = 2CEBFD69242742F8008807E1 /* KNOTEntity.swift */; };
		2CEBFD6C242750F1008807E1 /* KNOTModel.swift in Sources */ = {isa = PBXBuildFile; fileRef = 2CEBFD6B242750F1008807E1 /* KNOTModel.swift */; };
		2CF757DF248B3A2A00DC0276 /* KNOTPlanDetailModel.swift in Sources */ = {isa = PBXBuildFile; fileRef = 2CF757DE248B3A2A00DC0276 /* KNOTPlanDetailModel.swift */; };
		2CFEA83424A5D77500853629 /* KNOTTextViewTableViewCell.swift in Sources */ = {isa = PBXBuildFile; fileRef = 2CFEA83324A5D77500853629 /* KNOTTextViewTableViewCell.swift */; };
/* End PBXBuildFile section */

/* Begin PBXContainerItemProxy section */
		2C55A89D25BC5EA0000EF1C0 /* PBXContainerItemProxy */ = {
			isa = PBXContainerItemProxy;
			containerPortal = 2CEBFD2124270526008807E1 /* Project object */;
			proxyType = 1;
			remoteGlobalIDString = 2CEBFD2824270526008807E1;
			remoteInfo = Knot;
		};
/* End PBXContainerItemProxy section */

/* Begin PBXFileReference section */
		2102F71CEF1CE3F665BD4E5C /* Pods_Knot.framework */ = {isa = PBXFileReference; explicitFileType = wrapper.framework; includeInIndex = 0; path = Pods_Knot.framework; sourceTree = BUILT_PRODUCTS_DIR; };
		2369AA372A2665998D89910D /* Pods-Knot.release.xcconfig */ = {isa = PBXFileReference; includeInIndex = 1; lastKnownFileType = text.xcconfig; name = "Pods-Knot.release.xcconfig"; path = "Target Support Files/Pods-Knot/Pods-Knot.release.xcconfig"; sourceTree = "<group>"; };
		2C2AA57B243823FE0056B84F /* UIView+Category.swift */ = {isa = PBXFileReference; lastKnownFileType = sourcecode.swift; path = "UIView+Category.swift"; sourceTree = "<group>"; };
		2C2AA58124386E630056B84F /* KNOTPlanViewController.swift */ = {isa = PBXFileReference; lastKnownFileType = sourcecode.swift; path = KNOTPlanViewController.swift; sourceTree = "<group>"; };
		2C55A89825BC5EA0000EF1C0 /* KnotTests.xctest */ = {isa = PBXFileReference; explicitFileType = wrapper.cfbundle; includeInIndex = 0; path = KnotTests.xctest; sourceTree = BUILT_PRODUCTS_DIR; };
		2C55A89A25BC5EA0000EF1C0 /* KnotTests.swift */ = {isa = PBXFileReference; lastKnownFileType = sourcecode.swift; path = KnotTests.swift; sourceTree = "<group>"; };
		2C55A89C25BC5EA0000EF1C0 /* Info.plist */ = {isa = PBXFileReference; lastKnownFileType = text.plist.xml; path = Info.plist; sourceTree = "<group>"; };
		2C6EBD3525A166BE008A274C /* UITableView+Swipe.swift */ = {isa = PBXFileReference; lastKnownFileType = sourcecode.swift; path = "UITableView+Swipe.swift"; sourceTree = "<group>"; };
		2C7574DF25DB724400CBA3AA /* CloudKit.framework */ = {isa = PBXFileReference; lastKnownFileType = wrapper.framework; name = CloudKit.framework; path = System/Library/Frameworks/CloudKit.framework; sourceTree = SDKROOT; };
		2C7F261A244A8D1600F13299 /* SubjectSubscription.swift */ = {isa = PBXFileReference; lastKnownFileType = sourcecode.swift; path = SubjectSubscription.swift; sourceTree = "<group>"; };
		2C7F261C244C4BA500F13299 /* KNOTViewModel.swift */ = {isa = PBXFileReference; lastKnownFileType = sourcecode.swift; path = KNOTViewModel.swift; sourceTree = "<group>"; };
		2C7F261E244C4FC500F13299 /* KNOTPlanModel.swift */ = {isa = PBXFileReference; lastKnownFileType = sourcecode.swift; path = KNOTPlanModel.swift; sourceTree = "<group>"; };
		2C7F2620244C507B00F13299 /* KNOTPlanViewModel.swift */ = {isa = PBXFileReference; fileEncoding = 4; lastKnownFileType = sourcecode.swift; path = KNOTPlanViewModel.swift; sourceTree = "<group>"; };
		2C8BE050247A0D780059423F /* KNOTPlanDetailViewController.swift */ = {isa = PBXFileReference; lastKnownFileType = sourcecode.swift; path = KNOTPlanDetailViewController.swift; sourceTree = "<group>"; };
		2C8BE052247BA88D0059423F /* KNOTPlanDetailViewModel.swift */ = {isa = PBXFileReference; lastKnownFileType = sourcecode.swift; path = KNOTPlanDetailViewModel.swift; sourceTree = "<group>"; };
		2CB163202438AE9E006BAAEA /* KNOTHomeItemTableViewController.swift */ = {isa = PBXFileReference; lastKnownFileType = sourcecode.swift; path = KNOTHomeItemTableViewController.swift; sourceTree = "<group>"; };
		2CB5F43625F310BC00081DF9 /* Todo.txt */ = {isa = PBXFileReference; fileEncoding = 4; lastKnownFileType = text; path = Todo.txt; sourceTree = SOURCE_ROOT; };
		2CE792022430C33900975D99 /* UIImage+Color.swift */ = {isa = PBXFileReference; lastKnownFileType = sourcecode.swift; path = "UIImage+Color.swift"; sourceTree = "<group>"; };
		2CE792052430C94900975D99 /* KNOTHomeViewController.swift */ = {isa = PBXFileReference; lastKnownFileType = sourcecode.swift; path = KNOTHomeViewController.swift; sourceTree = "<group>"; };
		2CE792072430CFE000975D99 /* UIColor+Dynamic.swift */ = {isa = PBXFileReference; lastKnownFileType = sourcecode.swift; path = "UIColor+Dynamic.swift"; sourceTree = "<group>"; };
		2CE792092430D49F00975D99 /* UIColor+Hex.swift */ = {isa = PBXFileReference; lastKnownFileType = sourcecode.swift; path = "UIColor+Hex.swift"; sourceTree = "<group>"; };
		2CEBFD2924270526008807E1 /* Knot.app */ = {isa = PBXFileReference; explicitFileType = wrapper.application; includeInIndex = 0; path = Knot.app; sourceTree = BUILT_PRODUCTS_DIR; };
		2CEBFD2C24270526008807E1 /* AppDelegate.swift */ = {isa = PBXFileReference; lastKnownFileType = sourcecode.swift; path = AppDelegate.swift; sourceTree = "<group>"; };
		2CEBFD3A24270529008807E1 /* Info.plist */ = {isa = PBXFileReference; lastKnownFileType = text.plist.xml; path = Info.plist; sourceTree = "<group>"; };
		2CEBFD4024270588008807E1 /* Knot.entitlements */ = {isa = PBXFileReference; lastKnownFileType = text.plist.entitlements; path = Knot.entitlements; sourceTree = "<group>"; };
		2CEBFD4F24271B89008807E1 /* zh-Hans */ = {isa = PBXFileReference; lastKnownFileType = text.plist.strings; name = "zh-Hans"; path = "zh-Hans.lproj/InfoPlist.strings"; sourceTree = "<group>"; };
		2CEBFD5024271B89008807E1 /* en */ = {isa = PBXFileReference; lastKnownFileType = text.plist.strings; name = en; path = en.lproj/InfoPlist.strings; sourceTree = "<group>"; };
		2CEBFD5124271B89008807E1 /* Assets.xcassets */ = {isa = PBXFileReference; lastKnownFileType = folder.assetcatalog; path = Assets.xcassets; sourceTree = "<group>"; };
		2CEBFD5324271B89008807E1 /* Base */ = {isa = PBXFileReference; lastKnownFileType = file.storyboard; name = Base; path = Base.lproj/LaunchScreen.storyboard; sourceTree = "<group>"; };
		2CEBFD5524271B89008807E1 /* Base */ = {isa = PBXFileReference; lastKnownFileType = file.storyboard; name = Base; path = Base.lproj/Main.storyboard; sourceTree = "<group>"; };
		2CEBFD5F24271C0E008807E1 /* zh-Hans */ = {isa = PBXFileReference; lastKnownFileType = text.plist.strings; name = "zh-Hans"; path = "zh-Hans.lproj/LaunchScreen.strings"; sourceTree = "<group>"; };
		2CEBFD6324271D2B008807E1 /* en */ = {isa = PBXFileReference; lastKnownFileType = text.plist.strings; name = en; path = en.lproj/Localizable.strings; sourceTree = "<group>"; };
		2CEBFD6524271D33008807E1 /* zh-Hans */ = {isa = PBXFileReference; lastKnownFileType = text.plist.strings; name = "zh-Hans"; path = "zh-Hans.lproj/Localizable.strings"; sourceTree = "<group>"; };
		2CEBFD69242742F8008807E1 /* KNOTEntity.swift */ = {isa = PBXFileReference; lastKnownFileType = sourcecode.swift; path = KNOTEntity.swift; sourceTree = "<group>"; };
		2CEBFD6B242750F1008807E1 /* KNOTModel.swift */ = {isa = PBXFileReference; lastKnownFileType = sourcecode.swift; path = KNOTModel.swift; sourceTree = "<group>"; };
		2CF757DE248B3A2A00DC0276 /* KNOTPlanDetailModel.swift */ = {isa = PBXFileReference; lastKnownFileType = sourcecode.swift; path = KNOTPlanDetailModel.swift; sourceTree = "<group>"; };
		2CFEA83324A5D77500853629 /* KNOTTextViewTableViewCell.swift */ = {isa = PBXFileReference; lastKnownFileType = sourcecode.swift; path = KNOTTextViewTableViewCell.swift; sourceTree = "<group>"; };
		3ED62F56F42212CDE528F573 /* Pods-Knot.debug.xcconfig */ = {isa = PBXFileReference; includeInIndex = 1; lastKnownFileType = text.xcconfig; name = "Pods-Knot.debug.xcconfig"; path = "Target Support Files/Pods-Knot/Pods-Knot.debug.xcconfig"; sourceTree = "<group>"; };
/* End PBXFileReference section */

/* Begin PBXFrameworksBuildPhase section */
		2C55A89525BC5EA0000EF1C0 /* Frameworks */ = {
			isa = PBXFrameworksBuildPhase;
			buildActionMask = 2147483647;
			files = (
			);
			runOnlyForDeploymentPostprocessing = 0;
		};
		2CEBFD2624270526008807E1 /* Frameworks */ = {
			isa = PBXFrameworksBuildPhase;
			buildActionMask = 2147483647;
			files = (
				2C4439D325C6AAA10054A5EE /* Pods_Knot.framework in Frameworks */,
				2C7574E025DB724400CBA3AA /* CloudKit.framework in Frameworks */,
			);
			runOnlyForDeploymentPostprocessing = 0;
		};
/* End PBXFrameworksBuildPhase section */

/* Begin PBXGroup section */
		2C55A89925BC5EA0000EF1C0 /* KnotTests */ = {
			isa = PBXGroup;
			children = (
				2CB5F43625F310BC00081DF9 /* Todo.txt */,
				2C55A89A25BC5EA0000EF1C0 /* KnotTests.swift */,
				2C55A89C25BC5EA0000EF1C0 /* Info.plist */,
			);
			path = KnotTests;
			sourceTree = "<group>";
		};
		2CE791FD2430806700975D99 /* ViewModel */ = {
			isa = PBXGroup;
			children = (
				2C7F261C244C4BA500F13299 /* KNOTViewModel.swift */,
				2C7F2620244C507B00F13299 /* KNOTPlanViewModel.swift */,
				2C8BE052247BA88D0059423F /* KNOTPlanDetailViewModel.swift */,
			);
			path = ViewModel;
			sourceTree = "<group>";
		};
		2CE791FE2430BF3F00975D99 /* Base */ = {
			isa = PBXGroup;
			children = (
				2CE792022430C33900975D99 /* UIImage+Color.swift */,
				2CE792072430CFE000975D99 /* UIColor+Dynamic.swift */,
				2CE792092430D49F00975D99 /* UIColor+Hex.swift */,
				2C2AA57B243823FE0056B84F /* UIView+Category.swift */,
				2C7F261A244A8D1600F13299 /* SubjectSubscription.swift */,
				2CFEA83324A5D77500853629 /* KNOTTextViewTableViewCell.swift */,
				2C6EBD3525A166BE008A274C /* UITableView+Swipe.swift */,
			);
			path = Base;
			sourceTree = "<group>";
		};
		2CE792042430C92000975D99 /* View */ = {
			isa = PBXGroup;
			children = (
				2CE792052430C94900975D99 /* KNOTHomeViewController.swift */,
				2CB163202438AE9E006BAAEA /* KNOTHomeItemTableViewController.swift */,
				2C2AA58124386E630056B84F /* KNOTPlanViewController.swift */,
				2C8BE050247A0D780059423F /* KNOTPlanDetailViewController.swift */,
			);
			path = View;
			sourceTree = "<group>";
		};
		2CEBFD2024270526008807E1 = {
			isa = PBXGroup;
			children = (
				2CEBFD2B24270526008807E1 /* Knot */,
				2C55A89925BC5EA0000EF1C0 /* KnotTests */,
				2CEBFD2A24270526008807E1 /* Products */,
				7F92E7ACAD89D79CAD2F7112 /* Pods */,
				85304EA5D9AECC720BF4F54C /* Frameworks */,
			);
			sourceTree = "<group>";
		};
		2CEBFD2A24270526008807E1 /* Products */ = {
			isa = PBXGroup;
			children = (
				2CEBFD2924270526008807E1 /* Knot.app */,
				2C55A89825BC5EA0000EF1C0 /* KnotTests.xctest */,
			);
			name = Products;
			sourceTree = "<group>";
		};
		2CEBFD2B24270526008807E1 /* Knot */ = {
			isa = PBXGroup;
			children = (
				2CEBFD2C24270526008807E1 /* AppDelegate.swift */,
				2CEBFD3A24270529008807E1 /* Info.plist */,
				2CEBFD4024270588008807E1 /* Knot.entitlements */,
				2CEBFD4924271B89008807E1 /* Resources */,
				2CE791FE2430BF3F00975D99 /* Base */,
				2CEBFD6624273EDA008807E1 /* Business */,
			);
			path = Knot;
			sourceTree = "<group>";
		};
		2CEBFD4924271B89008807E1 /* Resources */ = {
			isa = PBXGroup;
			children = (
				2CEBFD4E24271B89008807E1 /* InfoPlist.strings */,
				2CEBFD5124271B89008807E1 /* Assets.xcassets */,
				2CEBFD5224271B89008807E1 /* LaunchScreen.storyboard */,
				2CEBFD5424271B89008807E1 /* Main.storyboard */,
				2CEBFD6224271D2B008807E1 /* Localizable.strings */,
			);
			path = Resources;
			sourceTree = "<group>";
		};
		2CEBFD6624273EDA008807E1 /* Business */ = {
			isa = PBXGroup;
			children = (
				2CE792042430C92000975D99 /* View */,
				2CE791FD2430806700975D99 /* ViewModel */,
				2CEBFD6724273EF3008807E1 /* Model */,
			);
			path = Business;
			sourceTree = "<group>";
		};
		2CEBFD6724273EF3008807E1 /* Model */ = {
			isa = PBXGroup;
			children = (
				2CEBFD6B242750F1008807E1 /* KNOTModel.swift */,
				2C7F261E244C4FC500F13299 /* KNOTPlanModel.swift */,
				2CF757DE248B3A2A00DC0276 /* KNOTPlanDetailModel.swift */,
				2CEBFD6824273F0F008807E1 /* Entity */,
			);
			path = Model;
			sourceTree = "<group>";
		};
		2CEBFD6824273F0F008807E1 /* Entity */ = {
			isa = PBXGroup;
			children = (
				2CEBFD69242742F8008807E1 /* KNOTEntity.swift */,
			);
			path = Entity;
			sourceTree = "<group>";
		};
		7F92E7ACAD89D79CAD2F7112 /* Pods */ = {
			isa = PBXGroup;
			children = (
				3ED62F56F42212CDE528F573 /* Pods-Knot.debug.xcconfig */,
				2369AA372A2665998D89910D /* Pods-Knot.release.xcconfig */,
			);
			path = Pods;
			sourceTree = "<group>";
		};
		85304EA5D9AECC720BF4F54C /* Frameworks */ = {
			isa = PBXGroup;
			children = (
				2C7574DF25DB724400CBA3AA /* CloudKit.framework */,
				2102F71CEF1CE3F665BD4E5C /* Pods_Knot.framework */,
			);
			name = Frameworks;
			sourceTree = "<group>";
		};
/* End PBXGroup section */

/* Begin PBXNativeTarget section */
		2C55A89725BC5EA0000EF1C0 /* KnotTests */ = {
			isa = PBXNativeTarget;
			buildConfigurationList = 2C55A89F25BC5EA0000EF1C0 /* Build configuration list for PBXNativeTarget "KnotTests" */;
			buildPhases = (
				2C55A89425BC5EA0000EF1C0 /* Sources */,
				2C55A89525BC5EA0000EF1C0 /* Frameworks */,
				2C55A89625BC5EA0000EF1C0 /* Resources */,
			);
			buildRules = (
			);
			dependencies = (
				2C55A89E25BC5EA0000EF1C0 /* PBXTargetDependency */,
			);
			name = KnotTests;
			productName = KnotTests;
			productReference = 2C55A89825BC5EA0000EF1C0 /* KnotTests.xctest */;
			productType = "com.apple.product-type.bundle.unit-test";
		};
		2CEBFD2824270526008807E1 /* Knot */ = {
			isa = PBXNativeTarget;
			buildConfigurationList = 2CEBFD3D24270529008807E1 /* Build configuration list for PBXNativeTarget "Knot" */;
			buildPhases = (
				F18C14589F2C32AED5CB4269 /* [CP] Check Pods Manifest.lock */,
				2CEBFD2524270526008807E1 /* Sources */,
				2CEBFD2624270526008807E1 /* Frameworks */,
				2CEBFD2724270526008807E1 /* Resources */,
				32B8EBAEA7714A507003A918 /* [CP] Embed Pods Frameworks */,
			);
			buildRules = (
			);
			dependencies = (
			);
			name = Knot;
			productName = Knot;
			productReference = 2CEBFD2924270526008807E1 /* Knot.app */;
			productType = "com.apple.product-type.application";
		};
/* End PBXNativeTarget section */

/* Begin PBXProject section */
		2CEBFD2124270526008807E1 /* Project object */ = {
			isa = PBXProject;
			attributes = {
				CLASSPREFIX = KNOT;
				LastSwiftUpdateCheck = 1230;
				LastUpgradeCheck = 1130;
				ORGANIZATIONNAME = SUYANG;
				TargetAttributes = {
					2C55A89725BC5EA0000EF1C0 = {
						CreatedOnToolsVersion = 12.3;
						TestTargetID = 2CEBFD2824270526008807E1;
					};
					2CEBFD2824270526008807E1 = {
						CreatedOnToolsVersion = 11.3.1;
						LastSwiftMigration = 1140;
					};
				};
			};
			buildConfigurationList = 2CEBFD2424270526008807E1 /* Build configuration list for PBXProject "Knot" */;
			compatibilityVersion = "Xcode 9.3";
			developmentRegion = en;
			hasScannedForEncodings = 0;
			knownRegions = (
				en,
				Base,
				"zh-Hans",
			);
			mainGroup = 2CEBFD2024270526008807E1;
			productRefGroup = 2CEBFD2A24270526008807E1 /* Products */;
			projectDirPath = "";
			projectRoot = "";
			targets = (
				2CEBFD2824270526008807E1 /* Knot */,
				2C55A89725BC5EA0000EF1C0 /* KnotTests */,
			);
		};
/* End PBXProject section */

/* Begin PBXResourcesBuildPhase section */
		2C55A89625BC5EA0000EF1C0 /* Resources */ = {
			isa = PBXResourcesBuildPhase;
			buildActionMask = 2147483647;
			files = (
			);
			runOnlyForDeploymentPostprocessing = 0;
		};
		2CEBFD2724270526008807E1 /* Resources */ = {
			isa = PBXResourcesBuildPhase;
			buildActionMask = 2147483647;
			files = (
				2CEBFD6424271D2B008807E1 /* Localizable.strings in Resources */,
				2CEBFD5824271B89008807E1 /* InfoPlist.strings in Resources */,
				2CEBFD5924271B89008807E1 /* Assets.xcassets in Resources */,
				2CEBFD5B24271B89008807E1 /* Main.storyboard in Resources */,
				2CEBFD5A24271B89008807E1 /* LaunchScreen.storyboard in Resources */,
			);
			runOnlyForDeploymentPostprocessing = 0;
		};
/* End PBXResourcesBuildPhase section */

/* Begin PBXShellScriptBuildPhase section */
		32B8EBAEA7714A507003A918 /* [CP] Embed Pods Frameworks */ = {
			isa = PBXShellScriptBuildPhase;
			buildActionMask = 2147483647;
			files = (
			);
			inputFileListPaths = (
				"${PODS_ROOT}/Target Support Files/Pods-Knot/Pods-Knot-frameworks-${CONFIGURATION}-input-files.xcfilelist",
			);
			name = "[CP] Embed Pods Frameworks";
			outputFileListPaths = (
				"${PODS_ROOT}/Target Support Files/Pods-Knot/Pods-Knot-frameworks-${CONFIGURATION}-output-files.xcfilelist",
			);
			runOnlyForDeploymentPostprocessing = 0;
			shellPath = /bin/sh;
			shellScript = "\"${PODS_ROOT}/Target Support Files/Pods-Knot/Pods-Knot-frameworks.sh\"\n";
			showEnvVarsInLog = 0;
		};
		F18C14589F2C32AED5CB4269 /* [CP] Check Pods Manifest.lock */ = {
			isa = PBXShellScriptBuildPhase;
			buildActionMask = 2147483647;
			files = (
			);
			inputFileListPaths = (
			);
			inputPaths = (
				"${PODS_PODFILE_DIR_PATH}/Podfile.lock",
				"${PODS_ROOT}/Manifest.lock",
			);
			name = "[CP] Check Pods Manifest.lock";
			outputFileListPaths = (
			);
			outputPaths = (
				"$(DERIVED_FILE_DIR)/Pods-Knot-checkManifestLockResult.txt",
			);
			runOnlyForDeploymentPostprocessing = 0;
			shellPath = /bin/sh;
			shellScript = "diff \"${PODS_PODFILE_DIR_PATH}/Podfile.lock\" \"${PODS_ROOT}/Manifest.lock\" > /dev/null\nif [ $? != 0 ] ; then\n    # print error to STDERR\n    echo \"error: The sandbox is not in sync with the Podfile.lock. Run 'pod install' or update your CocoaPods installation.\" >&2\n    exit 1\nfi\n# This output is used by Xcode 'outputs' to avoid re-running this script phase.\necho \"SUCCESS\" > \"${SCRIPT_OUTPUT_FILE_0}\"\n";
			showEnvVarsInLog = 0;
		};
/* End PBXShellScriptBuildPhase section */

/* Begin PBXSourcesBuildPhase section */
		2C55A89425BC5EA0000EF1C0 /* Sources */ = {
			isa = PBXSourcesBuildPhase;
			buildActionMask = 2147483647;
			files = (
				2C55A89B25BC5EA0000EF1C0 /* KnotTests.swift in Sources */,
			);
			runOnlyForDeploymentPostprocessing = 0;
		};
		2CEBFD2524270526008807E1 /* Sources */ = {
			isa = PBXSourcesBuildPhase;
			buildActionMask = 2147483647;
			files = (
				2C7F261D244C4BA500F13299 /* KNOTViewModel.swift in Sources */,
				2C2AA58224386E630056B84F /* KNOTPlanViewController.swift in Sources */,
				2CE7920A2430D49F00975D99 /* UIColor+Hex.swift in Sources */,
				2C2AA57C243823FE0056B84F /* UIView+Category.swift in Sources */,
				2C7F2621244C507B00F13299 /* KNOTPlanViewModel.swift in Sources */,
				2CFEA83424A5D77500853629 /* KNOTTextViewTableViewCell.swift in Sources */,
				2CB163212438AE9E006BAAEA /* KNOTHomeItemTableViewController.swift in Sources */,
				2CE792062430C94900975D99 /* KNOTHomeViewController.swift in Sources */,
				2C7F261B244A8D1600F13299 /* SubjectSubscription.swift in Sources */,
				2CEBFD6A242742F8008807E1 /* KNOTEntity.swift in Sources */,
				2CEBFD2D24270526008807E1 /* AppDelegate.swift in Sources */,
				2CF757DF248B3A2A00DC0276 /* KNOTPlanDetailModel.swift in Sources */,
				2C7F261F244C4FC500F13299 /* KNOTPlanModel.swift in Sources */,
				2C8BE053247BA88D0059423F /* KNOTPlanDetailViewModel.swift in Sources */,
				2CEBFD6C242750F1008807E1 /* KNOTModel.swift in Sources */,
				2CE792082430CFE000975D99 /* UIColor+Dynamic.swift in Sources */,
				2C8BE051247A0D780059423F /* KNOTPlanDetailViewController.swift in Sources */,
				2CE792032430C33900975D99 /* UIImage+Color.swift in Sources */,
				2C6EBD3625A166BE008A274C /* UITableView+Swipe.swift in Sources */,
			);
			runOnlyForDeploymentPostprocessing = 0;
		};
/* End PBXSourcesBuildPhase section */

/* Begin PBXTargetDependency section */
		2C55A89E25BC5EA0000EF1C0 /* PBXTargetDependency */ = {
			isa = PBXTargetDependency;
			target = 2CEBFD2824270526008807E1 /* Knot */;
			targetProxy = 2C55A89D25BC5EA0000EF1C0 /* PBXContainerItemProxy */;
		};
/* End PBXTargetDependency section */

/* Begin PBXVariantGroup section */
		2CEBFD4E24271B89008807E1 /* InfoPlist.strings */ = {
			isa = PBXVariantGroup;
			children = (
				2CEBFD4F24271B89008807E1 /* zh-Hans */,
				2CEBFD5024271B89008807E1 /* en */,
			);
			name = InfoPlist.strings;
			sourceTree = "<group>";
		};
		2CEBFD5224271B89008807E1 /* LaunchScreen.storyboard */ = {
			isa = PBXVariantGroup;
			children = (
				2CEBFD5324271B89008807E1 /* Base */,
				2CEBFD5F24271C0E008807E1 /* zh-Hans */,
			);
			name = LaunchScreen.storyboard;
			sourceTree = "<group>";
		};
		2CEBFD5424271B89008807E1 /* Main.storyboard */ = {
			isa = PBXVariantGroup;
			children = (
				2CEBFD5524271B89008807E1 /* Base */,
			);
			name = Main.storyboard;
			sourceTree = "<group>";
		};
		2CEBFD6224271D2B008807E1 /* Localizable.strings */ = {
			isa = PBXVariantGroup;
			children = (
				2CEBFD6324271D2B008807E1 /* en */,
				2CEBFD6524271D33008807E1 /* zh-Hans */,
			);
			name = Localizable.strings;
			sourceTree = "<group>";
		};
/* End PBXVariantGroup section */

/* Begin XCBuildConfiguration section */
		2C55A8A025BC5EA0000EF1C0 /* Debug */ = {
			isa = XCBuildConfiguration;
			buildSettings = {
				BUNDLE_LOADER = "$(TEST_HOST)";
				CLANG_WARN_QUOTED_INCLUDE_IN_FRAMEWORK_HEADER = YES;
				CODE_SIGN_STYLE = Automatic;
				DEVELOPMENT_TEAM = ZCCBFMN3L4;
				INFOPLIST_FILE = KnotTests/Info.plist;
				IPHONEOS_DEPLOYMENT_TARGET = 14.3;
				LD_RUNPATH_SEARCH_PATHS = (
					"$(inherited)",
					"@executable_path/Frameworks",
					"@loader_path/Frameworks",
				);
				PRODUCT_BUNDLE_IDENTIFIER = com.suyang.KnotTests;
				PRODUCT_NAME = "$(TARGET_NAME)";
				SWIFT_VERSION = 5.0;
				TARGETED_DEVICE_FAMILY = "1,2";
				TEST_HOST = "$(BUILT_PRODUCTS_DIR)/Knot.app/Knot";
			};
			name = Debug;
		};
		2C55A8A125BC5EA0000EF1C0 /* Release */ = {
			isa = XCBuildConfiguration;
			buildSettings = {
				BUNDLE_LOADER = "$(TEST_HOST)";
				CLANG_WARN_QUOTED_INCLUDE_IN_FRAMEWORK_HEADER = YES;
				CODE_SIGN_STYLE = Automatic;
				DEVELOPMENT_TEAM = ZCCBFMN3L4;
				INFOPLIST_FILE = KnotTests/Info.plist;
				IPHONEOS_DEPLOYMENT_TARGET = 14.3;
				LD_RUNPATH_SEARCH_PATHS = (
					"$(inherited)",
					"@executable_path/Frameworks",
					"@loader_path/Frameworks",
				);
				PRODUCT_BUNDLE_IDENTIFIER = com.suyang.KnotTests;
				PRODUCT_NAME = "$(TARGET_NAME)";
				SWIFT_VERSION = 5.0;
				TARGETED_DEVICE_FAMILY = "1,2";
				TEST_HOST = "$(BUILT_PRODUCTS_DIR)/Knot.app/Knot";
			};
			name = Release;
		};
		2CEBFD3B24270529008807E1 /* Debug */ = {
			isa = XCBuildConfiguration;
			buildSettings = {
				ALWAYS_SEARCH_USER_PATHS = NO;
				CLANG_ANALYZER_LOCALIZABILITY_NONLOCALIZED = YES;
				CLANG_ANALYZER_NONNULL = YES;
				CLANG_ANALYZER_NUMBER_OBJECT_CONVERSION = YES_AGGRESSIVE;
				CLANG_CXX_LANGUAGE_STANDARD = "gnu++14";
				CLANG_CXX_LIBRARY = "libc++";
				CLANG_ENABLE_MODULES = YES;
				CLANG_ENABLE_OBJC_ARC = YES;
				CLANG_ENABLE_OBJC_WEAK = YES;
				CLANG_WARN_BLOCK_CAPTURE_AUTORELEASING = YES;
				CLANG_WARN_BOOL_CONVERSION = YES;
				CLANG_WARN_COMMA = YES;
				CLANG_WARN_CONSTANT_CONVERSION = YES;
				CLANG_WARN_DEPRECATED_OBJC_IMPLEMENTATIONS = YES;
				CLANG_WARN_DIRECT_OBJC_ISA_USAGE = YES_ERROR;
				CLANG_WARN_DOCUMENTATION_COMMENTS = YES;
				CLANG_WARN_EMPTY_BODY = YES;
				CLANG_WARN_ENUM_CONVERSION = YES;
				CLANG_WARN_INFINITE_RECURSION = YES;
				CLANG_WARN_INT_CONVERSION = YES;
				CLANG_WARN_NON_LITERAL_NULL_CONVERSION = YES;
				CLANG_WARN_OBJC_IMPLICIT_RETAIN_SELF = YES;
				CLANG_WARN_OBJC_LITERAL_CONVERSION = YES;
				CLANG_WARN_OBJC_ROOT_CLASS = YES_ERROR;
				CLANG_WARN_RANGE_LOOP_ANALYSIS = YES;
				CLANG_WARN_STRICT_PROTOTYPES = YES;
				CLANG_WARN_SUSPICIOUS_MOVE = YES;
				CLANG_WARN_UNGUARDED_AVAILABILITY = YES_AGGRESSIVE;
				CLANG_WARN_UNREACHABLE_CODE = YES;
				CLANG_WARN__DUPLICATE_METHOD_MATCH = YES;
				COPY_PHASE_STRIP = NO;
				DEBUG_INFORMATION_FORMAT = dwarf;
				ENABLE_STRICT_OBJC_MSGSEND = YES;
				ENABLE_TESTABILITY = YES;
				GCC_C_LANGUAGE_STANDARD = gnu11;
				GCC_DYNAMIC_NO_PIC = NO;
				GCC_NO_COMMON_BLOCKS = YES;
				GCC_OPTIMIZATION_LEVEL = 0;
				GCC_PREPROCESSOR_DEFINITIONS = (
					"DEBUG=1",
					"$(inherited)",
				);
				GCC_WARN_64_TO_32_BIT_CONVERSION = YES;
				GCC_WARN_ABOUT_RETURN_TYPE = YES_ERROR;
				GCC_WARN_UNDECLARED_SELECTOR = YES;
				GCC_WARN_UNINITIALIZED_AUTOS = YES_AGGRESSIVE;
				GCC_WARN_UNUSED_FUNCTION = YES;
				GCC_WARN_UNUSED_VARIABLE = YES;
				IPHONEOS_DEPLOYMENT_TARGET = 10.0;
				MTL_ENABLE_DEBUG_INFO = INCLUDE_SOURCE;
				MTL_FAST_MATH = YES;
				ONLY_ACTIVE_ARCH = YES;
				SDKROOT = iphoneos;
				SWIFT_ACTIVE_COMPILATION_CONDITIONS = DEBUG;
				SWIFT_OPTIMIZATION_LEVEL = "-Onone";
			};
			name = Debug;
		};
		2CEBFD3C24270529008807E1 /* Release */ = {
			isa = XCBuildConfiguration;
			buildSettings = {
				ALWAYS_SEARCH_USER_PATHS = NO;
				CLANG_ANALYZER_LOCALIZABILITY_NONLOCALIZED = YES;
				CLANG_ANALYZER_NONNULL = YES;
				CLANG_ANALYZER_NUMBER_OBJECT_CONVERSION = YES_AGGRESSIVE;
				CLANG_CXX_LANGUAGE_STANDARD = "gnu++14";
				CLANG_CXX_LIBRARY = "libc++";
				CLANG_ENABLE_MODULES = YES;
				CLANG_ENABLE_OBJC_ARC = YES;
				CLANG_ENABLE_OBJC_WEAK = YES;
				CLANG_WARN_BLOCK_CAPTURE_AUTORELEASING = YES;
				CLANG_WARN_BOOL_CONVERSION = YES;
				CLANG_WARN_COMMA = YES;
				CLANG_WARN_CONSTANT_CONVERSION = YES;
				CLANG_WARN_DEPRECATED_OBJC_IMPLEMENTATIONS = YES;
				CLANG_WARN_DIRECT_OBJC_ISA_USAGE = YES_ERROR;
				CLANG_WARN_DOCUMENTATION_COMMENTS = YES;
				CLANG_WARN_EMPTY_BODY = YES;
				CLANG_WARN_ENUM_CONVERSION = YES;
				CLANG_WARN_INFINITE_RECURSION = YES;
				CLANG_WARN_INT_CONVERSION = YES;
				CLANG_WARN_NON_LITERAL_NULL_CONVERSION = YES;
				CLANG_WARN_OBJC_IMPLICIT_RETAIN_SELF = YES;
				CLANG_WARN_OBJC_LITERAL_CONVERSION = YES;
				CLANG_WARN_OBJC_ROOT_CLASS = YES_ERROR;
				CLANG_WARN_RANGE_LOOP_ANALYSIS = YES;
				CLANG_WARN_STRICT_PROTOTYPES = YES;
				CLANG_WARN_SUSPICIOUS_MOVE = YES;
				CLANG_WARN_UNGUARDED_AVAILABILITY = YES_AGGRESSIVE;
				CLANG_WARN_UNREACHABLE_CODE = YES;
				CLANG_WARN__DUPLICATE_METHOD_MATCH = YES;
				COPY_PHASE_STRIP = NO;
				DEBUG_INFORMATION_FORMAT = "dwarf-with-dsym";
				ENABLE_NS_ASSERTIONS = NO;
				ENABLE_STRICT_OBJC_MSGSEND = YES;
				GCC_C_LANGUAGE_STANDARD = gnu11;
				GCC_NO_COMMON_BLOCKS = YES;
				GCC_WARN_64_TO_32_BIT_CONVERSION = YES;
				GCC_WARN_ABOUT_RETURN_TYPE = YES_ERROR;
				GCC_WARN_UNDECLARED_SELECTOR = YES;
				GCC_WARN_UNINITIALIZED_AUTOS = YES_AGGRESSIVE;
				GCC_WARN_UNUSED_FUNCTION = YES;
				GCC_WARN_UNUSED_VARIABLE = YES;
				IPHONEOS_DEPLOYMENT_TARGET = 10.0;
				MTL_ENABLE_DEBUG_INFO = NO;
				MTL_FAST_MATH = YES;
				SDKROOT = iphoneos;
				SWIFT_COMPILATION_MODE = wholemodule;
				SWIFT_OPTIMIZATION_LEVEL = "-O";
				VALIDATE_PRODUCT = YES;
			};
			name = Release;
		};
		2CEBFD3E24270529008807E1 /* Debug */ = {
			isa = XCBuildConfiguration;
			baseConfigurationReference = 3ED62F56F42212CDE528F573 /* Pods-Knot.debug.xcconfig */;
			buildSettings = {
				ASSETCATALOG_COMPILER_APPICON_NAME = AppIcon;
				CLANG_ENABLE_MODULES = YES;
				CODE_SIGN_ENTITLEMENTS = Knot/Knot.entitlements;
				CODE_SIGN_STYLE = Automatic;
				DEVELOPMENT_TEAM = ZCCBFMN3L4;
				INFOPLIST_FILE = Knot/Info.plist;
				LD_RUNPATH_SEARCH_PATHS = (
					"$(inherited)",
					"@executable_path/Frameworks",
				);
				PRODUCT_BUNDLE_IDENTIFIER = com.suyang.knot;
				PRODUCT_NAME = "$(TARGET_NAME)";
				SWIFT_OPTIMIZATION_LEVEL = "-Onone";
				SWIFT_VERSION = 5.0;
				TARGETED_DEVICE_FAMILY = "1,2";
			};
			name = Debug;
		};
		2CEBFD3F24270529008807E1 /* Release */ = {
			isa = XCBuildConfiguration;
			baseConfigurationReference = 2369AA372A2665998D89910D /* Pods-Knot.release.xcconfig */;
			buildSettings = {
				ASSETCATALOG_COMPILER_APPICON_NAME = AppIcon;
				CLANG_ENABLE_MODULES = YES;
				CODE_SIGN_ENTITLEMENTS = Knot/Knot.entitlements;
				CODE_SIGN_STYLE = Automatic;
				DEVELOPMENT_TEAM = ZCCBFMN3L4;
				INFOPLIST_FILE = Knot/Info.plist;
				LD_RUNPATH_SEARCH_PATHS = (
					"$(inherited)",
					"@executable_path/Frameworks",
				);
				PRODUCT_BUNDLE_IDENTIFIER = com.suyang.knot;
				PRODUCT_NAME = "$(TARGET_NAME)";
				SWIFT_VERSION = 5.0;
				TARGETED_DEVICE_FAMILY = "1,2";
			};
			name = Release;
		};
/* End XCBuildConfiguration section */

/* Begin XCConfigurationList section */
		2C55A89F25BC5EA0000EF1C0 /* Build configuration list for PBXNativeTarget "KnotTests" */ = {
			isa = XCConfigurationList;
			buildConfigurations = (
				2C55A8A025BC5EA0000EF1C0 /* Debug */,
				2C55A8A125BC5EA0000EF1C0 /* Release */,
			);
			defaultConfigurationIsVisible = 0;
			defaultConfigurationName = Release;
		};
		2CEBFD2424270526008807E1 /* Build configuration list for PBXProject "Knot" */ = {
			isa = XCConfigurationList;
			buildConfigurations = (
				2CEBFD3B24270529008807E1 /* Debug */,
				2CEBFD3C24270529008807E1 /* Release */,
			);
			defaultConfigurationIsVisible = 0;
			defaultConfigurationName = Release;
		};
		2CEBFD3D24270529008807E1 /* Build configuration list for PBXNativeTarget "Knot" */ = {
			isa = XCConfigurationList;
			buildConfigurations = (
				2CEBFD3E24270529008807E1 /* Debug */,
				2CEBFD3F24270529008807E1 /* Release */,
			);
			defaultConfigurationIsVisible = 0;
			defaultConfigurationName = Release;
		};
/* End XCConfigurationList section */
	};
	rootObject = 2CEBFD2124270526008807E1 /* Project object */;
}
